
Microsoft Visual Studio Solution File, Format Version 12.00
# Visual Studio Version 16
VisualStudioVersion = 16.0.32630.194
MinimumVisualStudioVersion = 10.0.40219.1
Project("{9A19103F-16F7-4668-BE54-9A1E7A4F7556}") = "FileReader", "FileReader\FileReader.csproj", "{C40CA09A-FA51-46CA-BA38-07C476CB8D5F}"
EndProject
Project("{9A19103F-16F7-4668-BE54-9A1E7A4F7556}") = "FileReaderUnitTests", "FileReaderUnitTests\FileReaderUnitTests.csproj", "{DC3F7651-8034-4230-8632-7FFA9FC6797C}"
EndProject
Global
	GlobalSection(SolutionConfigurationPlatforms) = preSolution
		Debug|Any CPU = Debug|Any CPU
		Release|Any CPU = Release|Any CPU
	EndGlobalSection
	GlobalSection(ProjectConfigurationPlatforms) = postSolution
		{C40CA09A-FA51-46CA-BA38-07C476CB8D5F}.Debug|Any CPU.ActiveCfg = Debug|Any CPU
		{C40CA09A-FA51-46CA-BA38-07C476CB8D5F}.Debug|Any CPU.Build.0 = Debug|Any CPU
		{C40CA09A-FA51-46CA-BA38-07C476CB8D5F}.Release|Any CPU.ActiveCfg = Release|Any CPU
		{C40CA09A-FA51-46CA-BA38-07C476CB8D5F}.Release|Any CPU.Build.0 = Release|Any CPU
		{DC3F7651-8034-4230-8632-7FFA9FC6797C}.Debug|Any CPU.ActiveCfg = Debug|Any CPU
		{DC3F7651-8034-4230-8632-7FFA9FC6797C}.Debug|Any CPU.Build.0 = Debug|Any CPU
		{DC3F7651-8034-4230-8632-7FFA9FC6797C}.Release|Any CPU.ActiveCfg = Release|Any CPU
		{DC3F7651-8034-4230-8632-7FFA9FC6797C}.Release|Any CPU.Build.0 = Release|Any CPU
	EndGlobalSection
	GlobalSection(SolutionProperties) = preSolution
		HideSolutionNode = FALSE
	EndGlobalSection
	GlobalSection(ExtensibilityGlobals) = postSolution
		SolutionGuid = {43605DBB-F340-4783-9035-23A2756DE9DE}
	EndGlobalSection
EndGlobal
